
Microsoft Visual Studio Solution File, Format Version 12.00
# Visual Studio Version 17
VisualStudioVersion = 17.8.34525.116
MinimumVisualStudioVersion = 10.0.40219.1
Project("{FAE04EC0-301F-11D3-BF4B-00C04F79EFBC}") = "ConsoleApp8", "ConsoleApp8\ConsoleApp8.csproj", "{A4480D05-2B17-42D9-A283-FAF97FCF8EE1}"
EndProject
Project("{9A19103F-16F7-4668-BE54-9A1E7A4F7556}") = "Metotlar", "Metotlar\Metotlar.csproj", "{C20A0946-F528-4DB7-AA13-1930F475F95F}"
EndProject
Project("{FAE04EC0-301F-11D3-BF4B-00C04F79EFBC}") = "Matematik", "Matematik\Matematik.csproj", "{26E15449-29B4-422B-B273-25DFB6C4844C}"
EndProject
Project("{FAE04EC0-301F-11D3-BF4B-00C04F79EFBC}") = "DegerveReferansTipler", "DegerveReferansTipler\DegerveReferansTipler.csproj", "{6A80CD62-F381-4B26-9CD5-40B6D4CE42D1}"
EndProject
Global
	GlobalSection(SolutionConfigurationPlatforms) = preSolution
		Debug|Any CPU = Debug|Any CPU
		Release|Any CPU = Release|Any CPU
	EndGlobalSection
	GlobalSection(ProjectConfigurationPlatforms) = postSolution
		{A4480D05-2B17-42D9-A283-FAF97FCF8EE1}.Debug|Any CPU.ActiveCfg = Debug|Any CPU
		{A4480D05-2B17-42D9-A283-FAF97FCF8EE1}.Debug|Any CPU.Build.0 = Debug|Any CPU
		{A4480D05-2B17-42D9-A283-FAF97FCF8EE1}.Release|Any CPU.ActiveCfg = Release|Any CPU
		{A4480D05-2B17-42D9-A283-FAF97FCF8EE1}.Release|Any CPU.Build.0 = Release|Any CPU
		{C20A0946-F528-4DB7-AA13-1930F475F95F}.Debug|Any CPU.ActiveCfg = Debug|Any CPU
		{C20A0946-F528-4DB7-AA13-1930F475F95F}.Debug|Any CPU.Build.0 = Debug|Any CPU
		{C20A0946-F528-4DB7-AA13-1930F475F95F}.Release|Any CPU.ActiveCfg = Release|Any CPU
		{C20A0946-F528-4DB7-AA13-1930F475F95F}.Release|Any CPU.Build.0 = Release|Any CPU
		{26E15449-29B4-422B-B273-25DFB6C4844C}.Debug|Any CPU.ActiveCfg = Debug|Any CPU
		{26E15449-29B4-422B-B273-25DFB6C4844C}.Debug|Any CPU.Build.0 = Debug|Any CPU
		{26E15449-29B4-422B-B273-25DFB6C4844C}.Release|Any CPU.ActiveCfg = Release|Any CPU
		{26E15449-29B4-422B-B273-25DFB6C4844C}.Release|Any CPU.Build.0 = Release|Any CPU
		{6A80CD62-F381-4B26-9CD5-40B6D4CE42D1}.Debug|Any CPU.ActiveCfg = Debug|Any CPU
		{6A80CD62-F381-4B26-9CD5-40B6D4CE42D1}.Debug|Any CPU.Build.0 = Debug|Any CPU
		{6A80CD62-F381-4B26-9CD5-40B6D4CE42D1}.Release|Any CPU.ActiveCfg = Release|Any CPU
		{6A80CD62-F381-4B26-9CD5-40B6D4CE42D1}.Release|Any CPU.Build.0 = Release|Any CPU
	EndGlobalSection
	GlobalSection(SolutionProperties) = preSolution
		HideSolutionNode = FALSE
	EndGlobalSection
	GlobalSection(ExtensibilityGlobals) = postSolution
		SolutionGuid = {7C9DF1BB-24A4-448A-B699-ABF570ACCF92}
	EndGlobalSection
EndGlobal
